
Microsoft Visual Studio Solution File, Format Version 12.00
# Visual Studio Version 17
VisualStudioVersion = 17.1.32421.90
MinimumVisualStudioVersion = 10.0.40219.1
Project("{FAE04EC0-301F-11D3-BF4B-00C04F79EFBC}") = "BlazorRedis", "BlazorRedis\BlazorRedis.csproj", "{AA3477AA-62E8-40D5-9C97-1D3B46D597EE}"
EndProject
Global
	GlobalSection(SolutionConfigurationPlatforms) = preSolution
		Debug|Any CPU = Debug|Any CPU
		Release|Any CPU = Release|Any CPU
	EndGlobalSection
	GlobalSection(ProjectConfigurationPlatforms) = postSolution
		{AA3477AA-62E8-40D5-9C97-1D3B46D597EE}.Debug|Any CPU.ActiveCfg = Debug|Any CPU
		{AA3477AA-62E8-40D5-9C97-1D3B46D597EE}.Debug|Any CPU.Build.0 = Debug|Any CPU
		{AA3477AA-62E8-40D5-9C97-1D3B46D597EE}.Release|Any CPU.ActiveCfg = Release|Any CPU
		{AA3477AA-62E8-40D5-9C97-1D3B46D597EE}.Release|Any CPU.Build.0 = Release|Any CPU
	EndGlobalSection
	GlobalSection(SolutionProperties) = preSolution
		HideSolutionNode = FALSE
	EndGlobalSection
	GlobalSection(ExtensibilityGlobals) = postSolution
		SolutionGuid = {92B68C35-D55F-4225-99BB-E6BE6E53C754}
	EndGlobalSection
EndGlobal
